
Microsoft Visual Studio Solution File, Format Version 12.00
# Visual Studio Version 17
VisualStudioVersion = 17.3.32901.215
MinimumVisualStudioVersion = 10.0.40219.1
Project("{FAE04EC0-301F-11D3-BF4B-00C04F79EFBC}") = "WebApplication1-Prosjekt1", "WebApplication1-Prosjekt1\WebApplication1-Prosjekt1.csproj", "{A19EFB29-C04F-495B-92EC-A50786BB89A8}"
EndProject
Global
	GlobalSection(SolutionConfigurationPlatforms) = preSolution
		Debug|Any CPU = Debug|Any CPU
		Release|Any CPU = Release|Any CPU
	EndGlobalSection
	GlobalSection(ProjectConfigurationPlatforms) = postSolution
		{A19EFB29-C04F-495B-92EC-A50786BB89A8}.Debug|Any CPU.ActiveCfg = Debug|Any CPU
		{A19EFB29-C04F-495B-92EC-A50786BB89A8}.Debug|Any CPU.Build.0 = Debug|Any CPU
		{A19EFB29-C04F-495B-92EC-A50786BB89A8}.Release|Any CPU.ActiveCfg = Release|Any CPU
		{A19EFB29-C04F-495B-92EC-A50786BB89A8}.Release|Any CPU.Build.0 = Release|Any CPU
	EndGlobalSection
	GlobalSection(SolutionProperties) = preSolution
		HideSolutionNode = FALSE
	EndGlobalSection
	GlobalSection(ExtensibilityGlobals) = postSolution
		SolutionGuid = {F3125CCE-FF15-4B9D-A153-952DB18EF521}
	EndGlobalSection
EndGlobal
